
Microsoft Visual Studio Solution File, Format Version 12.00
# Visual Studio Version 16
VisualStudioVersion = 16.0.28803.202
MinimumVisualStudioVersion = 10.0.40219.1
Project("{FAE04EC0-301F-11D3-BF4B-00C04F79EFBC}") = "WpfApp12", "WpfApp12\WpfApp12.csproj", "{F96063D4-92E7-47C0-94DE-EB93415435F8}"
EndProject
Global
	GlobalSection(SolutionConfigurationPlatforms) = preSolution
		Debug|Any CPU = Debug|Any CPU
		Release|Any CPU = Release|Any CPU
	EndGlobalSection
	GlobalSection(ProjectConfigurationPlatforms) = postSolution
		{F96063D4-92E7-47C0-94DE-EB93415435F8}.Debug|Any CPU.ActiveCfg = Debug|Any CPU
		{F96063D4-92E7-47C0-94DE-EB93415435F8}.Debug|Any CPU.Build.0 = Debug|Any CPU
		{F96063D4-92E7-47C0-94DE-EB93415435F8}.Release|Any CPU.ActiveCfg = Release|Any CPU
		{F96063D4-92E7-47C0-94DE-EB93415435F8}.Release|Any CPU.Build.0 = Release|Any CPU
	EndGlobalSection
	GlobalSection(SolutionProperties) = preSolution
		HideSolutionNode = FALSE
	EndGlobalSection
	GlobalSection(ExtensibilityGlobals) = postSolution
		SolutionGuid = {33B85186-5E80-4597-9FAD-0FADC9A27614}
	EndGlobalSection
EndGlobal
