
Microsoft Visual Studio Solution File, Format Version 12.00
# Visual Studio Version 16
VisualStudioVersion = 16.0.28803.202
MinimumVisualStudioVersion = 10.0.40219.1
Project("{FAE04EC0-301F-11D3-BF4B-00C04F79EFBC}") = "WpfApp9", "WpfApp9\WpfApp9.csproj", "{569DEEF3-52B3-4649-A122-A2F1DE91889D}"
EndProject
Global
	GlobalSection(SolutionConfigurationPlatforms) = preSolution
		Debug|Any CPU = Debug|Any CPU
		Release|Any CPU = Release|Any CPU
	EndGlobalSection
	GlobalSection(ProjectConfigurationPlatforms) = postSolution
		{569DEEF3-52B3-4649-A122-A2F1DE91889D}.Debug|Any CPU.ActiveCfg = Debug|Any CPU
		{569DEEF3-52B3-4649-A122-A2F1DE91889D}.Debug|Any CPU.Build.0 = Debug|Any CPU
		{569DEEF3-52B3-4649-A122-A2F1DE91889D}.Release|Any CPU.ActiveCfg = Release|Any CPU
		{569DEEF3-52B3-4649-A122-A2F1DE91889D}.Release|Any CPU.Build.0 = Release|Any CPU
	EndGlobalSection
	GlobalSection(SolutionProperties) = preSolution
		HideSolutionNode = FALSE
	EndGlobalSection
	GlobalSection(ExtensibilityGlobals) = postSolution
		SolutionGuid = {086E0AE8-7EC6-4C16-BFB0-58302792E38A}
	EndGlobalSection
EndGlobal
